// !$*UTF8*$!
{
	archiveVersion = 1;
	classes = {
	};
	objectVersion = 46;
	objects = {

/* Begin PBXBuildFile section */
		3B6ACB9718C08BEF002DA273 /* Foundation.framework in Frameworks */ = {isa = PBXBuildFile; fileRef = 3B6ACB9618C08BEF002DA273 /* Foundation.framework */; };
		3B6ACB9918C08BEF002DA273 /* CoreGraphics.framework in Frameworks */ = {isa = PBXBuildFile; fileRef = 3B6ACB9818C08BEF002DA273 /* CoreGraphics.framework */; };
		3B6ACB9B18C08BEF002DA273 /* UIKit.framework in Frameworks */ = {isa = PBXBuildFile; fileRef = 3B6ACB9A18C08BEF002DA273 /* UIKit.framework */; };
		3B6ACBA118C08BEF002DA273 /* InfoPlist.strings in Resources */ = {isa = PBXBuildFile; fileRef = 3B6ACB9F18C08BEF002DA273 /* InfoPlist.strings */; };
		3B6ACBA318C08BEF002DA273 /* main.m in Sources */ = {isa = PBXBuildFile; fileRef = 3B6ACBA218C08BEF002DA273 /* main.m */; };
		3B6ACBA718C08BEF002DA273 /* HomeAppDelegate.m in Sources */ = {isa = PBXBuildFile; fileRef = 3B6ACBA618C08BEF002DA273 /* HomeAppDelegate.m */; };
		3B6ACBAA18C08BEF002DA273 /* Main.storyboard in Resources */ = {isa = PBXBuildFile; fileRef = 3B6ACBA818C08BEF002DA273 /* Main.storyboard */; };
		3B6ACBAD18C08BEF002DA273 /* HomeViewController.m in Sources */ = {isa = PBXBuildFile; fileRef = 3B6ACBAC18C08BEF002DA273 /* HomeViewController.m */; };
		3B6ACBAF18C08BEF002DA273 /* Images.xcassets in Resources */ = {isa = PBXBuildFile; fileRef = 3B6ACBAE18C08BEF002DA273 /* Images.xcassets */; };
		3B6ACBB618C08BEF002DA273 /* XCTest.framework in Frameworks */ = {isa = PBXBuildFile; fileRef = 3B6ACBB518C08BEF002DA273 /* XCTest.framework */; };
		3B6ACBB718C08BEF002DA273 /* Foundation.framework in Frameworks */ = {isa = PBXBuildFile; fileRef = 3B6ACB9618C08BEF002DA273 /* Foundation.framework */; };
		3B6ACBB818C08BEF002DA273 /* UIKit.framework in Frameworks */ = {isa = PBXBuildFile; fileRef = 3B6ACB9A18C08BEF002DA273 /* UIKit.framework */; };
		3B6ACBC018C08BEF002DA273 /* InfoPlist.strings in Resources */ = {isa = PBXBuildFile; fileRef = 3B6ACBBE18C08BEF002DA273 /* InfoPlist.strings */; };
		3B6ACBC218C08BEF002DA273 /* MirroredButtonTests.m in Sources */ = {isa = PBXBuildFile; fileRef = 3B6ACBC118C08BEF002DA273 /* MirroredButtonTests.m */; };
		3B6ACBD018C08C91002DA273 /* MirroredButton.m in Sources */ = {isa = PBXBuildFile; fileRef = 3B6ACBCF18C08C91002DA273 /* MirroredButton.m */; };
/* End PBXBuildFile section */

/* Begin PBXContainerItemProxy section */
		3B6ACBB918C08BEF002DA273 /* PBXContainerItemProxy */ = {
			isa = PBXContainerItemProxy;
			containerPortal = 3B6ACB8B18C08BEF002DA273 /* Project object */;
			proxyType = 1;
			remoteGlobalIDString = 3B6ACB9218C08BEF002DA273;
			remoteInfo = MirroredButton;
		};
/* End PBXContainerItemProxy section */

/* Begin PBXFileReference section */
		3B6ACB9318C08BEF002DA273 /* MirroredUIButton.app */ = {isa = PBXFileReference; explicitFileType = wrapper.application; includeInIndex = 0; path = MirroredUIButton.app; sourceTree = BUILT_PRODUCTS_DIR; };
		3B6ACB9618C08BEF002DA273 /* Foundation.framework */ = {isa = PBXFileReference; lastKnownFileType = wrapper.framework; name = Foundation.framework; path = System/Library/Frameworks/Foundation.framework; sourceTree = SDKROOT; };
		3B6ACB9818C08BEF002DA273 /* CoreGraphics.framework */ = {isa = PBXFileReference; lastKnownFileType = wrapper.framework; name = CoreGraphics.framework; path = System/Library/Frameworks/CoreGraphics.framework; sourceTree = SDKROOT; };
		3B6ACB9A18C08BEF002DA273 /* UIKit.framework */ = {isa = PBXFileReference; lastKnownFileType = wrapper.framework; name = UIKit.framework; path = System/Library/Frameworks/UIKit.framework; sourceTree = SDKROOT; };
		3B6ACB9E18C08BEF002DA273 /* MirroredUIButton-Info.plist */ = {isa = PBXFileReference; lastKnownFileType = text.plist.xml; path = "MirroredUIButton-Info.plist"; sourceTree = "<group>"; };
		3B6ACBA018C08BEF002DA273 /* en */ = {isa = PBXFileReference; lastKnownFileType = text.plist.strings; name = en; path = en.lproj/InfoPlist.strings; sourceTree = "<group>"; };
		3B6ACBA218C08BEF002DA273 /* main.m */ = {isa = PBXFileReference; lastKnownFileType = sourcecode.c.objc; path = main.m; sourceTree = "<group>"; };
		3B6ACBA418C08BEF002DA273 /* MirroredUIButton-Prefix.pch */ = {isa = PBXFileReference; lastKnownFileType = sourcecode.c.h; path = "MirroredUIButton-Prefix.pch"; sourceTree = "<group>"; };
		3B6ACBA518C08BEF002DA273 /* HomeAppDelegate.h */ = {isa = PBXFileReference; lastKnownFileType = sourcecode.c.h; path = HomeAppDelegate.h; sourceTree = "<group>"; };
		3B6ACBA618C08BEF002DA273 /* HomeAppDelegate.m */ = {isa = PBXFileReference; lastKnownFileType = sourcecode.c.objc; path = HomeAppDelegate.m; sourceTree = "<group>"; };
		3B6ACBA918C08BEF002DA273 /* Base */ = {isa = PBXFileReference; lastKnownFileType = file.storyboard; name = Base; path = Base.lproj/Main.storyboard; sourceTree = "<group>"; };
		3B6ACBAB18C08BEF002DA273 /* HomeViewController.h */ = {isa = PBXFileReference; lastKnownFileType = sourcecode.c.h; path = HomeViewController.h; sourceTree = "<group>"; };
		3B6ACBAC18C08BEF002DA273 /* HomeViewController.m */ = {isa = PBXFileReference; lastKnownFileType = sourcecode.c.objc; path = HomeViewController.m; sourceTree = "<group>"; };
		3B6ACBAE18C08BEF002DA273 /* Images.xcassets */ = {isa = PBXFileReference; lastKnownFileType = folder.assetcatalog; path = Images.xcassets; sourceTree = "<group>"; };
		3B6ACBB418C08BEF002DA273 /* MirroredUIButtonTests.xctest */ = {isa = PBXFileReference; explicitFileType = wrapper.cfbundle; includeInIndex = 0; path = MirroredUIButtonTests.xctest; sourceTree = BUILT_PRODUCTS_DIR; };
		3B6ACBB518C08BEF002DA273 /* XCTest.framework */ = {isa = PBXFileReference; lastKnownFileType = wrapper.framework; name = XCTest.framework; path = Library/Frameworks/XCTest.framework; sourceTree = DEVELOPER_DIR; };
		3B6ACBBD18C08BEF002DA273 /* MirroredUIButtonTests-Info.plist */ = {isa = PBXFileReference; lastKnownFileType = text.plist.xml; path = "MirroredUIButtonTests-Info.plist"; sourceTree = "<group>"; };
		3B6ACBBF18C08BEF002DA273 /* en */ = {isa = PBXFileReference; lastKnownFileType = text.plist.strings; name = en; path = en.lproj/InfoPlist.strings; sourceTree = "<group>"; };
		3B6ACBC118C08BEF002DA273 /* MirroredButtonTests.m */ = {isa = PBXFileReference; lastKnownFileType = sourcecode.c.objc; path = MirroredButtonTests.m; sourceTree = "<group>"; };
		3B6ACBCE18C08C91002DA273 /* MirroredButton.h */ = {isa = PBXFileReference; fileEncoding = 4; lastKnownFileType = sourcecode.c.h; path = MirroredButton.h; sourceTree = "<group>"; };
		3B6ACBCF18C08C91002DA273 /* MirroredButton.m */ = {isa = PBXFileReference; fileEncoding = 4; lastKnownFileType = sourcecode.c.objc; path = MirroredButton.m; sourceTree = "<group>"; };
/* End PBXFileReference section */

/* Begin PBXFrameworksBuildPhase section */
		3B6ACB9018C08BEF002DA273 /* Frameworks */ = {
			isa = PBXFrameworksBuildPhase;
			buildActionMask = 2147483647;
			files = (
				3B6ACB9918C08BEF002DA273 /* CoreGraphics.framework in Frameworks */,
				3B6ACB9B18C08BEF002DA273 /* UIKit.framework in Frameworks */,
				3B6ACB9718C08BEF002DA273 /* Foundation.framework in Frameworks */,
			);
			runOnlyForDeploymentPostprocessing = 0;
		};
		3B6ACBB118C08BEF002DA273 /* Frameworks */ = {
			isa = PBXFrameworksBuildPhase;
			buildActionMask = 2147483647;
			files = (
				3B6ACBB618C08BEF002DA273 /* XCTest.framework in Frameworks */,
				3B6ACBB818C08BEF002DA273 /* UIKit.framework in Frameworks */,
				3B6ACBB718C08BEF002DA273 /* Foundation.framework in Frameworks */,
			);
			runOnlyForDeploymentPostprocessing = 0;
		};
/* End PBXFrameworksBuildPhase section */

/* Begin PBXGroup section */
		3B6ACB8A18C08BEF002DA273 = {
			isa = PBXGroup;
			children = (
				3B6ACB9C18C08BEF002DA273 /* MirroredButton */,
				3B6ACBBB18C08BEF002DA273 /* MirroredButtonTests */,
				3B6ACB9518C08BEF002DA273 /* Frameworks */,
				3B6ACB9418C08BEF002DA273 /* Products */,
			);
			sourceTree = "<group>";
		};
		3B6ACB9418C08BEF002DA273 /* Products */ = {
			isa = PBXGroup;
			children = (
				3B6ACB9318C08BEF002DA273 /* MirroredUIButton.app */,
				3B6ACBB418C08BEF002DA273 /* MirroredUIButtonTests.xctest */,
			);
			name = Products;
			sourceTree = "<group>";
		};
		3B6ACB9518C08BEF002DA273 /* Frameworks */ = {
			isa = PBXGroup;
			children = (
				3B6ACB9618C08BEF002DA273 /* Foundation.framework */,
				3B6ACB9818C08BEF002DA273 /* CoreGraphics.framework */,
				3B6ACB9A18C08BEF002DA273 /* UIKit.framework */,
				3B6ACBB518C08BEF002DA273 /* XCTest.framework */,
			);
			name = Frameworks;
			sourceTree = "<group>";
		};
		3B6ACB9C18C08BEF002DA273 /* MirroredButton */ = {
			isa = PBXGroup;
			children = (
				3B6ACBAB18C08BEF002DA273 /* HomeViewController.h */,
				3B6ACBAC18C08BEF002DA273 /* HomeViewController.m */,
				3B6ACBCE18C08C91002DA273 /* MirroredButton.h */,
				3B6ACBCF18C08C91002DA273 /* MirroredButton.m */,
				3B6ACB9D18C08BEF002DA273 /* Supporting Files */,
			);
			path = MirroredButton;
			sourceTree = "<group>";
		};
		3B6ACB9D18C08BEF002DA273 /* Supporting Files */ = {
			isa = PBXGroup;
			children = (
				3B6ACBA818C08BEF002DA273 /* Main.storyboard */,
				3B6ACBA518C08BEF002DA273 /* HomeAppDelegate.h */,
				3B6ACBA618C08BEF002DA273 /* HomeAppDelegate.m */,
				3B6ACBAE18C08BEF002DA273 /* Images.xcassets */,
				3B6ACB9E18C08BEF002DA273 /* MirroredUIButton-Info.plist */,
				3B6ACB9F18C08BEF002DA273 /* InfoPlist.strings */,
				3B6ACBA218C08BEF002DA273 /* main.m */,
				3B6ACBA418C08BEF002DA273 /* MirroredUIButton-Prefix.pch */,
			);
			name = "Supporting Files";
			sourceTree = "<group>";
		};
		3B6ACBBB18C08BEF002DA273 /* MirroredButtonTests */ = {
			isa = PBXGroup;
			children = (
				3B6ACBC118C08BEF002DA273 /* MirroredButtonTests.m */,
				3B6ACBBC18C08BEF002DA273 /* Supporting Files */,
			);
			path = MirroredButtonTests;
			sourceTree = "<group>";
		};
		3B6ACBBC18C08BEF002DA273 /* Supporting Files */ = {
			isa = PBXGroup;
			children = (
				3B6ACBBD18C08BEF002DA273 /* MirroredUIButtonTests-Info.plist */,
				3B6ACBBE18C08BEF002DA273 /* InfoPlist.strings */,
			);
			name = "Supporting Files";
			sourceTree = "<group>";
		};
/* End PBXGroup section */

/* Begin PBXNativeTarget section */
		3B6ACB9218C08BEF002DA273 /* MirroredUIButton */ = {
			isa = PBXNativeTarget;
			buildConfigurationList = 3B6ACBC518C08BEF002DA273 /* Build configuration list for PBXNativeTarget "MirroredUIButton" */;
			buildPhases = (
				3B6ACB8F18C08BEF002DA273 /* Sources */,
				3B6ACB9018C08BEF002DA273 /* Frameworks */,
				3B6ACB9118C08BEF002DA273 /* Resources */,
			);
			buildRules = (
			);
			dependencies = (
			);
			name = MirroredUIButton;
			productName = MirroredButton;
			productReference = 3B6ACB9318C08BEF002DA273 /* MirroredUIButton.app */;
			productType = "com.apple.product-type.application";
		};
		3B6ACBB318C08BEF002DA273 /* MirroredUIButtonTests */ = {
			isa = PBXNativeTarget;
			buildConfigurationList = 3B6ACBC818C08BEF002DA273 /* Build configuration list for PBXNativeTarget "MirroredUIButtonTests" */;
			buildPhases = (
				3B6ACBB018C08BEF002DA273 /* Sources */,
				3B6ACBB118C08BEF002DA273 /* Frameworks */,
				3B6ACBB218C08BEF002DA273 /* Resources */,
			);
			buildRules = (
			);
			dependencies = (
				3B6ACBBA18C08BEF002DA273 /* PBXTargetDependency */,
			);
			name = MirroredUIButtonTests;
			productName = MirroredButtonTests;
			productReference = 3B6ACBB418C08BEF002DA273 /* MirroredUIButtonTests.xctest */;
			productType = "com.apple.product-type.bundle.unit-test";
		};
/* End PBXNativeTarget section */

/* Begin PBXProject section */
		3B6ACB8B18C08BEF002DA273 /* Project object */ = {
			isa = PBXProject;
			attributes = {
				CLASSPREFIX = Home;
				LastUpgradeCheck = 0500;
				ORGANIZATIONNAME = nexTip;
				TargetAttributes = {
					3B6ACBB318C08BEF002DA273 = {
						TestTargetID = 3B6ACB9218C08BEF002DA273;
					};
				};
			};
			buildConfigurationList = 3B6ACB8E18C08BEF002DA273 /* Build configuration list for PBXProject "MirroredUIButton" */;
			compatibilityVersion = "Xcode 3.2";
			developmentRegion = English;
			hasScannedForEncodings = 0;
			knownRegions = (
				en,
				Base,
			);
			mainGroup = 3B6ACB8A18C08BEF002DA273;
			productRefGroup = 3B6ACB9418C08BEF002DA273 /* Products */;
			projectDirPath = "";
			projectRoot = "";
			targets = (
				3B6ACB9218C08BEF002DA273 /* MirroredUIButton */,
				3B6ACBB318C08BEF002DA273 /* MirroredUIButtonTests */,
			);
		};
/* End PBXProject section */

/* Begin PBXResourcesBuildPhase section */
		3B6ACB9118C08BEF002DA273 /* Resources */ = {
			isa = PBXResourcesBuildPhase;
			buildActionMask = 2147483647;
			files = (
				3B6ACBAF18C08BEF002DA273 /* Images.xcassets in Resources */,
				3B6ACBA118C08BEF002DA273 /* InfoPlist.strings in Resources */,
				3B6ACBAA18C08BEF002DA273 /* Main.storyboard in Resources */,
			);
			runOnlyForDeploymentPostprocessing = 0;
		};
		3B6ACBB218C08BEF002DA273 /* Resources */ = {
			isa = PBXResourcesBuildPhase;
			buildActionMask = 2147483647;
			files = (
				3B6ACBC018C08BEF002DA273 /* InfoPlist.strings in Resources */,
			);
			runOnlyForDeploymentPostprocessing = 0;
		};
/* End PBXResourcesBuildPhase section */

/* Begin PBXSourcesBuildPhase section */
		3B6ACB8F18C08BEF002DA273 /* Sources */ = {
			isa = PBXSourcesBuildPhase;
			buildActionMask = 2147483647;
			files = (
				3B6ACBA318C08BEF002DA273 /* main.m in Sources */,
				3B6ACBA718C08BEF002DA273 /* HomeAppDelegate.m in Sources */,
				3B6ACBAD18C08BEF002DA273 /* HomeViewController.m in Sources */,
				3B6ACBD018C08C91002DA273 /* MirroredButton.m in Sources */,
			);
			runOnlyForDeploymentPostprocessing = 0;
		};
		3B6ACBB018C08BEF002DA273 /* Sources */ = {
			isa = PBXSourcesBuildPhase;
			buildActionMask = 2147483647;
			files = (
				3B6ACBC218C08BEF002DA273 /* MirroredButtonTests.m in Sources */,
			);
			runOnlyForDeploymentPostprocessing = 0;
		};
/* End PBXSourcesBuildPhase section */

/* Begin PBXTargetDependency section */
		3B6ACBBA18C08BEF002DA273 /* PBXTargetDependency */ = {
			isa = PBXTargetDependency;
			target = 3B6ACB9218C08BEF002DA273 /* MirroredUIButton */;
			targetProxy = 3B6ACBB918C08BEF002DA273 /* PBXContainerItemProxy */;
		};
/* End PBXTargetDependency section */

/* Begin PBXVariantGroup section */
		3B6ACB9F18C08BEF002DA273 /* InfoPlist.strings */ = {
			isa = PBXVariantGroup;
			children = (
				3B6ACBA018C08BEF002DA273 /* en */,
			);
			name = InfoPlist.strings;
			sourceTree = "<group>";
		};
		3B6ACBA818C08BEF002DA273 /* Main.storyboard */ = {
			isa = PBXVariantGroup;
			children = (
				3B6ACBA918C08BEF002DA273 /* Base */,
			);
			name = Main.storyboard;
			sourceTree = "<group>";
		};
		3B6ACBBE18C08BEF002DA273 /* InfoPlist.strings */ = {
			isa = PBXVariantGroup;
			children = (
				3B6ACBBF18C08BEF002DA273 /* en */,
			);
			name = InfoPlist.strings;
			sourceTree = "<group>";
		};
/* End PBXVariantGroup section */

/* Begin XCBuildConfiguration section */
		3B6ACBC318C08BEF002DA273 /* Debug */ = {
			isa = XCBuildConfiguration;
			buildSettings = {
				ALWAYS_SEARCH_USER_PATHS = NO;
				ARCHS = "$(ARCHS_STANDARD_INCLUDING_64_BIT)";
				CLANG_CXX_LANGUAGE_STANDARD = "gnu++0x";
				CLANG_CXX_LIBRARY = "libc++";
				CLANG_ENABLE_MODULES = YES;
				CLANG_ENABLE_OBJC_ARC = YES;
				CLANG_WARN_BOOL_CONVERSION = YES;
				CLANG_WARN_CONSTANT_CONVERSION = YES;
				CLANG_WARN_DIRECT_OBJC_ISA_USAGE = YES_ERROR;
				CLANG_WARN_EMPTY_BODY = YES;
				CLANG_WARN_ENUM_CONVERSION = YES;
				CLANG_WARN_INT_CONVERSION = YES;
				CLANG_WARN_OBJC_ROOT_CLASS = YES_ERROR;
				CLANG_WARN__DUPLICATE_METHOD_MATCH = YES;
				"CODE_SIGN_IDENTITY[sdk=iphoneos*]" = "iPhone Developer";
				COPY_PHASE_STRIP = NO;
				GCC_C_LANGUAGE_STANDARD = gnu99;
				GCC_DYNAMIC_NO_PIC = NO;
				GCC_OPTIMIZATION_LEVEL = 0;
				GCC_PREPROCESSOR_DEFINITIONS = (
					"DEBUG=1",
					"$(inherited)",
				);
				GCC_SYMBOLS_PRIVATE_EXTERN = NO;
				GCC_WARN_64_TO_32_BIT_CONVERSION = YES;
				GCC_WARN_ABOUT_RETURN_TYPE = YES_ERROR;
				GCC_WARN_UNDECLARED_SELECTOR = YES;
				GCC_WARN_UNINITIALIZED_AUTOS = YES;
				GCC_WARN_UNUSED_FUNCTION = YES;
				GCC_WARN_UNUSED_VARIABLE = YES;
				IPHONEOS_DEPLOYMENT_TARGET = 7.0;
				ONLY_ACTIVE_ARCH = YES;
				SDKROOT = iphoneos;
			};
			name = Debug;
		};
		3B6ACBC418C08BEF002DA273 /* Release */ = {
			isa = XCBuildConfiguration;
			buildSettings = {
				ALWAYS_SEARCH_USER_PATHS = NO;
				ARCHS = "$(ARCHS_STANDARD_INCLUDING_64_BIT)";
				CLANG_CXX_LANGUAGE_STANDARD = "gnu++0x";
				CLANG_CXX_LIBRARY = "libc++";
				CLANG_ENABLE_MODULES = YES;
				CLANG_ENABLE_OBJC_ARC = YES;
				CLANG_WARN_BOOL_CONVERSION = YES;
				CLANG_WARN_CONSTANT_CONVERSION = YES;
				CLANG_WARN_DIRECT_OBJC_ISA_USAGE = YES_ERROR;
				CLANG_WARN_EMPTY_BODY = YES;
				CLANG_WARN_ENUM_CONVERSION = YES;
				CLANG_WARN_INT_CONVERSION = YES;
				CLANG_WARN_OBJC_ROOT_CLASS = YES_ERROR;
				CLANG_WARN__DUPLICATE_METHOD_MATCH = YES;
				"CODE_SIGN_IDENTITY[sdk=iphoneos*]" = "iPhone Developer";
				COPY_PHASE_STRIP = YES;
				ENABLE_NS_ASSERTIONS = NO;
				GCC_C_LANGUAGE_STANDARD = gnu99;
				GCC_WARN_64_TO_32_BIT_CONVERSION = YES;
				GCC_WARN_ABOUT_RETURN_TYPE = YES_ERROR;
				GCC_WARN_UNDECLARED_SELECTOR = YES;
				GCC_WARN_UNINITIALIZED_AUTOS = YES;
				GCC_WARN_UNUSED_FUNCTION = YES;
				GCC_WARN_UNUSED_VARIABLE = YES;
				IPHONEOS_DEPLOYMENT_TARGET = 7.0;
				SDKROOT = iphoneos;
				VALIDATE_PRODUCT = YES;
			};
			name = Release;
		};
		3B6ACBC618C08BEF002DA273 /* Debug */ = {
			isa = XCBuildConfiguration;
			buildSettings = {
				ASSETCATALOG_COMPILER_APPICON_NAME = AppIcon;
				ASSETCATALOG_COMPILER_LAUNCHIMAGE_NAME = LaunchImage;
				GCC_PRECOMPILE_PREFIX_HEADER = YES;
				GCC_PREFIX_HEADER = "MirroredButton/MirroredUIButton-Prefix.pch";
				INFOPLIST_FILE = "MirroredButton/MirroredUIButton-Info.plist";
				PRODUCT_NAME = MirroredUIButton;
				WRAPPER_EXTENSION = app;
			};
			name = Debug;
		};
		3B6ACBC718C08BEF002DA273 /* Release */ = {
			isa = XCBuildConfiguration;
			buildSettings = {
				ASSETCATALOG_COMPILER_APPICON_NAME = AppIcon;
				ASSETCATALOG_COMPILER_LAUNCHIMAGE_NAME = LaunchImage;
				GCC_PRECOMPILE_PREFIX_HEADER = YES;
				GCC_PREFIX_HEADER = "MirroredButton/MirroredUIButton-Prefix.pch";
				INFOPLIST_FILE = "MirroredButton/MirroredUIButton-Info.plist";
				PRODUCT_NAME = MirroredUIButton;
				WRAPPER_EXTENSION = app;
			};
			name = Release;
		};
		3B6ACBC918C08BEF002DA273 /* Debug */ = {
			isa = XCBuildConfiguration;
			buildSettings = {
				ARCHS = "$(ARCHS_STANDARD_INCLUDING_64_BIT)";
				BUNDLE_LOADER = "$(BUILT_PRODUCTS_DIR)/MirroredButton.app/MirroredButton";
				FRAMEWORK_SEARCH_PATHS = (
					"$(SDKROOT)/Developer/Library/Frameworks",
					"$(inherited)",
					"$(DEVELOPER_FRAMEWORKS_DIR)",
				);
				GCC_PRECOMPILE_PREFIX_HEADER = YES;
				GCC_PREFIX_HEADER = "MirroredButton/MirroredButton-Prefix.pch";
				GCC_PREPROCESSOR_DEFINITIONS = (
					"DEBUG=1",
					"$(inherited)",
				);
				INFOPLIST_FILE = "MirroredButtonTests/MirroredUIButtonTests-Info.plist";
				PRODUCT_NAME = MirroredUIButtonTests;
				TEST_HOST = "$(BUNDLE_LOADER)";
				WRAPPER_EXTENSION = xctest;
			};
			name = Debug;
		};
		3B6ACBCA18C08BEF002DA273 /* Release */ = {
			isa = XCBuildConfiguration;
			buildSettings = {
				ARCHS = "$(ARCHS_STANDARD_INCLUDING_64_BIT)";
				BUNDLE_LOADER = "$(BUILT_PRODUCTS_DIR)/MirroredButton.app/MirroredButton";
				FRAMEWORK_SEARCH_PATHS = (
					"$(SDKROOT)/Developer/Library/Frameworks",
					"$(inherited)",
					"$(DEVELOPER_FRAMEWORKS_DIR)",
				);
				GCC_PRECOMPILE_PREFIX_HEADER = YES;
				GCC_PREFIX_HEADER = "MirroredButton/MirroredButton-Prefix.pch";
				INFOPLIST_FILE = "MirroredButtonTests/MirroredUIButtonTests-Info.plist";
				PRODUCT_NAME = MirroredUIButtonTests;
				TEST_HOST = "$(BUNDLE_LOADER)";
				WRAPPER_EXTENSION = xctest;
			};
			name = Release;
		};
/* End XCBuildConfiguration section */

/* Begin XCConfigurationList section */
		3B6ACB8E18C08BEF002DA273 /* Build configuration list for PBXProject "MirroredUIButton" */ = {
			isa = XCConfigurationList;
			buildConfigurations = (
				3B6ACBC318C08BEF002DA273 /* Debug */,
				3B6ACBC418C08BEF002DA273 /* Release */,
			);
			defaultConfigurationIsVisible = 0;
			defaultConfigurationName = Release;
		};
		3B6ACBC518C08BEF002DA273 /* Build configuration list for PBXNativeTarget "MirroredUIButton" */ = {
			isa = XCConfigurationList;
			buildConfigurations = (
				3B6ACBC618C08BEF002DA273 /* Debug */,
				3B6ACBC718C08BEF002DA273 /* Release */,
			);
			defaultConfigurationIsVisible = 0;
			defaultConfigurationName = Release;
		};
		3B6ACBC818C08BEF002DA273 /* Build configuration list for PBXNativeTarget "MirroredUIButtonTests" */ = {
			isa = XCConfigurationList;
			buildConfigurations = (
				3B6ACBC918C08BEF002DA273 /* Debug */,
				3B6ACBCA18C08BEF002DA273 /* Release */,
			);
			defaultConfigurationIsVisible = 0;
			defaultConfigurationName = Release;
		};
/* End XCConfigurationList section */
	};
	rootObject = 3B6ACB8B18C08BEF002DA273 /* Project object */;
}
